
Microsoft Visual Studio Solution File, Format Version 12.00
# Visual Studio Version 17
VisualStudioVersion = 17.5.33502.453
MinimumVisualStudioVersion = 10.0.40219.1
Project("{FAE04EC0-301F-11D3-BF4B-00C04F79EFBC}") = "FragmentGeneric", "FragmentGeneric\FragmentGeneric.csproj", "{C65CBFAC-B62F-4275-908C-D32A9DB8C5BB}"
EndProject
Global
	GlobalSection(SolutionConfigurationPlatforms) = preSolution
		Debug|Any CPU = Debug|Any CPU
		Release|Any CPU = Release|Any CPU
	EndGlobalSection
	GlobalSection(ProjectConfigurationPlatforms) = postSolution
		{C65CBFAC-B62F-4275-908C-D32A9DB8C5BB}.Debug|Any CPU.ActiveCfg = Debug|Any CPU
		{C65CBFAC-B62F-4275-908C-D32A9DB8C5BB}.Debug|Any CPU.Build.0 = Debug|Any CPU
		{C65CBFAC-B62F-4275-908C-D32A9DB8C5BB}.Release|Any CPU.ActiveCfg = Release|Any CPU
		{C65CBFAC-B62F-4275-908C-D32A9DB8C5BB}.Release|Any CPU.Build.0 = Release|Any CPU
	EndGlobalSection
	GlobalSection(SolutionProperties) = preSolution
		HideSolutionNode = FALSE
	EndGlobalSection
	GlobalSection(ExtensibilityGlobals) = postSolution
		SolutionGuid = {8A5AC02B-6FC2-484D-8832-BF8B74425F04}
	EndGlobalSection
EndGlobal
